<?xml version="1.0" encoding="utf-8"?>
<Project ToolsVersion="4.0" xmlns="http://schemas.microsoft.com/developer/msbuild/2003">
  <ItemGroup>
    <Filter Include="Sources">
      <UniqueIdentifier>{8b7ed093-66ce-4096-96d2-fbb9faa4bf52}</UniqueIdentifier>
    </Filter>
    <Filter Include="Sources\Modules">
      <UniqueIdentifier>{7b418be2-1631-4a31-9ef2-8a8b234a7339}</UniqueIdentifier>
    </Filter>
    <Filter Include="Sources\Containers">
      <UniqueIdentifier>{afc36133-f401-499a-aa33-0da1e500fb52}</UniqueIdentifier>
    </Filter>
    <Filter Include="Sources\Tools">
      <UniqueIdentifier>{7e4dfaf7-022c-4f7d-92aa-f3b3fa9d6248}</UniqueIdentifier>
    </Filter>
    <Filter Include="Sources\Helpers">
      <UniqueIdentifier>{121f8e6b-df36-4ab0-be0d-601ddfc9e503}</UniqueIdentifier>
    </Filter>
    <Filter Include="Sources\Modules\Game">
      <UniqueIdentifier>{83f46af7-e02f-40c0-9e56-41d76082527b}</UniqueIdentifier>
    </Filter>
    <Filter Include="Sources\ImGui">
      <UniqueIdentifier>{213bd255-32df-4f8e-bbc4-0dd56129e17f}</UniqueIdentifier>
    </Filter>
    <Filter Include="Sources\PCG">
      <UniqueIdentifier>{ce713ce5-bd64-41b1-915b-b562e23e480f}</UniqueIdentifier>
    </Filter>
    <Filter Include="Sources\Containers\MathGeoLib">
      <UniqueIdentifier>{b6a01143-3d5c-4f85-aa1a-0793b8d9efae}</UniqueIdentifier>
    </Filter>
    <Filter Include="Sources\Containers\MathGeoLib\Algorithm">
      <UniqueIdentifier>{5c768692-279a-4ef8-8a13-405df7ab354c}</UniqueIdentifier>
    </Filter>
    <Filter Include="Sources\Containers\MathGeoLib\Geometry">
      <UniqueIdentifier>{5756a3b0-8731-4589-87c4-26bf5dc5ab1f}</UniqueIdentifier>
    </Filter>
    <Filter Include="Sources\Containers\MathGeoLib\Math">
      <UniqueIdentifier>{c4f3976a-4332-4706-a5f2-b15830544d9c}</UniqueIdentifier>
    </Filter>
    <Filter Include="Sources\Containers\MathGeoLib\Time">
      <UniqueIdentifier>{c9e59fd9-ef41-4a0f-ab61-3ea165152728}</UniqueIdentifier>
    </Filter>
  </ItemGroup>
  <ItemGroup>
    <ClInclude Include="Engine\src\Core\csApp.h">
      <Filter>Sources</Filter>
    </ClInclude>
    <ClInclude Include="Engine\src\Core\csGlobals.h">
      <Filter>Sources</Filter>
    </ClInclude>
    <ClInclude Include="Engine\src\Helpers\Color.h">
      <Filter>Sources\Containers</Filter>
    </ClInclude>
    <ClInclude Include="Engine\src\Helpers\Light.h">
      <Filter>Sources\Helpers</Filter>
    </ClInclude>
    <ClInclude Include="Engine\src\Helpers\Primitive.h">
      <Filter>Sources\Helpers</Filter>
    </ClInclude>
    <ClInclude Include="Engine\src\Modules\csCamera3D.h">
      <Filter>Sources\Modules</Filter>
    </ClInclude>
    <ClInclude Include="Engine\src\Modules\csInput.h">
      <Filter>Sources\Modules</Filter>
    </ClInclude>
    <ClInclude Include="Engine\src\Modules\csModule.h">
      <Filter>Sources\Modules</Filter>
    </ClInclude>
    <ClInclude Include="Engine\src\Modules\csRenderer3D.h">
      <Filter>Sources\Modules</Filter>
    </ClInclude>
    <ClInclude Include="Engine\src\Modules\csWindow.h">
      <Filter>Sources\Modules</Filter>
    </ClInclude>
    <ClInclude Include="Engine\src\Tools\Timer.h">
      <Filter>Sources\Tools</Filter>
    </ClInclude>
    <ClInclude Include="Engine\Dependencies\glm\glmath.h">
      <Filter>Sources\Containers</Filter>
    </ClInclude>
    <ClInclude Include="Engine\Dependencies\imgui\imconfig.h">
      <Filter>Sources\ImGui</Filter>
    </ClInclude>
    <ClInclude Include="Engine\Dependencies\imgui\imgui.h">
      <Filter>Sources\ImGui</Filter>
    </ClInclude>
    <ClInclude Include="Engine\Dependencies\imgui\imgui_impl_sdl.h">
      <Filter>Sources\ImGui</Filter>
    </ClInclude>
    <ClInclude Include="Engine\Dependencies\imgui\imgui_internal.h">
      <Filter>Sources\ImGui</Filter>
    </ClInclude>
    <ClInclude Include="Engine\Dependencies\imgui\imstb_rectpack.h">
      <Filter>Sources\ImGui</Filter>
    </ClInclude>
    <ClInclude Include="Engine\Dependencies\imgui\imstb_textedit.h">
      <Filter>Sources\ImGui</Filter>
    </ClInclude>
    <ClInclude Include="Engine\Dependencies\imgui\imstb_truetype.h">
      <Filter>Sources\ImGui</Filter>
    </ClInclude>
    <ClInclude Include="Engine\Dependencies\MathGeoLib\include\Algorithm\Random\LCG.h">
      <Filter>Sources\Containers\MathGeoLib\Algorithm</Filter>
    </ClInclude>
    <ClInclude Include="Engine\Dependencies\MathGeoLib\include\Geometry\AABB.h">
      <Filter>Sources\Containers\MathGeoLib\Geometry</Filter>
    </ClInclude>
    <ClInclude Include="Engine\Dependencies\MathGeoLib\include\Geometry\AABB2D.h">
      <Filter>Sources\Containers\MathGeoLib\Geometry</Filter>
    </ClInclude>
    <ClInclude Include="Engine\Dependencies\MathGeoLib\include\Geometry\Capsule.h">
      <Filter>Sources\Containers\MathGeoLib\Geometry</Filter>
    </ClInclude>
    <ClInclude Include="Engine\Dependencies\MathGeoLib\include\Geometry\Circle.h">
      <Filter>Sources\Containers\MathGeoLib\Geometry</Filter>
    </ClInclude>
    <ClInclude Include="Engine\Dependencies\MathGeoLib\include\Geometry\Cone.h">
      <Filter>Sources\Containers\MathGeoLib\Geometry</Filter>
    </ClInclude>
    <ClInclude Include="Engine\Dependencies\MathGeoLib\include\Geometry\Cylinder.h">
      <Filter>Sources\Containers\MathGeoLib\Geometry</Filter>
    </ClInclude>
    <ClInclude Include="Engine\Dependencies\MathGeoLib\include\Geometry\Frustum.h">
      <Filter>Sources\Containers\MathGeoLib\Geometry</Filter>
    </ClInclude>
    <ClInclude Include="Engine\Dependencies\MathGeoLib\include\Geometry\GeometryAll.h">
      <Filter>Sources\Containers\MathGeoLib\Geometry</Filter>
    </ClInclude>
    <ClInclude Include="Engine\Dependencies\MathGeoLib\include\Geometry\GeomType.h">
      <Filter>Sources\Containers\MathGeoLib\Geometry</Filter>
    </ClInclude>
    <ClInclude Include="Engine\Dependencies\MathGeoLib\include\Geometry\HitInfo.h">
      <Filter>Sources\Containers\MathGeoLib\Geometry</Filter>
    </ClInclude>
    <ClInclude Include="Engine\Dependencies\MathGeoLib\include\Geometry\KDTree.h">
      <Filter>Sources\Containers\MathGeoLib\Geometry</Filter>
    </ClInclude>
    <ClInclude Include="Engine\Dependencies\MathGeoLib\include\Geometry\Line.h">
      <Filter>Sources\Containers\MathGeoLib\Geometry</Filter>
    </ClInclude>
    <ClInclude Include="Engine\Dependencies\MathGeoLib\include\Geometry\LineSegment.h">
      <Filter>Sources\Containers\MathGeoLib\Geometry</Filter>
    </ClInclude>
    <ClInclude Include="Engine\Dependencies\MathGeoLib\include\Geometry\OBB.h">
      <Filter>Sources\Containers\MathGeoLib\Geometry</Filter>
    </ClInclude>
    <ClInclude Include="Engine\Dependencies\MathGeoLib\include\Geometry\PBVolume.h">
      <Filter>Sources\Containers\MathGeoLib\Geometry</Filter>
    </ClInclude>
    <ClInclude Include="Engine\Dependencies\MathGeoLib\include\Geometry\Plane.h">
      <Filter>Sources\Containers\MathGeoLib\Geometry</Filter>
    </ClInclude>
    <ClInclude Include="Engine\Dependencies\MathGeoLib\include\Geometry\Polygon.h">
      <Filter>Sources\Containers\MathGeoLib\Geometry</Filter>
    </ClInclude>
    <ClInclude Include="Engine\Dependencies\MathGeoLib\include\Geometry\Polyhedron.h">
      <Filter>Sources\Containers\MathGeoLib\Geometry</Filter>
    </ClInclude>
    <ClInclude Include="Engine\Dependencies\MathGeoLib\include\Geometry\QuadTree.h">
      <Filter>Sources\Containers\MathGeoLib\Geometry</Filter>
    </ClInclude>
    <ClInclude Include="Engine\Dependencies\MathGeoLib\include\Geometry\Ray.h">
      <Filter>Sources\Containers\MathGeoLib\Geometry</Filter>
    </ClInclude>
    <ClInclude Include="Engine\Dependencies\MathGeoLib\include\Geometry\Sphere.h">
      <Filter>Sources\Containers\MathGeoLib\Geometry</Filter>
    </ClInclude>
    <ClInclude Include="Engine\Dependencies\MathGeoLib\include\Geometry\Triangle.h">
      <Filter>Sources\Containers\MathGeoLib\Geometry</Filter>
    </ClInclude>
    <ClInclude Include="Engine\Dependencies\MathGeoLib\include\Geometry\TriangleMesh.h">
      <Filter>Sources\Containers\MathGeoLib\Geometry</Filter>
    </ClInclude>
    <ClInclude Include="Engine\Dependencies\MathGeoLib\include\Math\assume.h">
      <Filter>Sources\Containers\MathGeoLib\Math</Filter>
    </ClInclude>
    <ClInclude Include="Engine\Dependencies\MathGeoLib\include\Math\BitOps.h">
      <Filter>Sources\Containers\MathGeoLib\Math</Filter>
    </ClInclude>
    <ClInclude Include="Engine\Dependencies\MathGeoLib\include\Math\Complex.h">
      <Filter>Sources\Containers\MathGeoLib\Math</Filter>
    </ClInclude>
    <ClInclude Include="Engine\Dependencies\MathGeoLib\include\Math\CoordinateAxisConvention.h">
      <Filter>Sources\Containers\MathGeoLib\Math</Filter>
    </ClInclude>
    <ClInclude Include="Engine\Dependencies\MathGeoLib\include\Math\FixedPoint.h">
      <Filter>Sources\Containers\MathGeoLib\Math</Filter>
    </ClInclude>
    <ClInclude Include="Engine\Dependencies\MathGeoLib\include\Math\float2.h">
      <Filter>Sources\Containers\MathGeoLib\Math</Filter>
    </ClInclude>
    <ClInclude Include="Engine\Dependencies\MathGeoLib\include\Math\float3.h">
      <Filter>Sources\Containers\MathGeoLib\Math</Filter>
    </ClInclude>
    <ClInclude Include="Engine\Dependencies\MathGeoLib\include\Math\float3x3.h">
      <Filter>Sources\Containers\MathGeoLib\Math</Filter>
    </ClInclude>
    <ClInclude Include="Engine\Dependencies\MathGeoLib\include\Math\float3x4.h">
      <Filter>Sources\Containers\MathGeoLib\Math</Filter>
    </ClInclude>
    <ClInclude Include="Engine\Dependencies\MathGeoLib\include\Math\float4.h">
      <Filter>Sources\Containers\MathGeoLib\Math</Filter>
    </ClInclude>
    <ClInclude Include="Engine\Dependencies\MathGeoLib\include\Math\float4_neon.h">
      <Filter>Sources\Containers\MathGeoLib\Math</Filter>
    </ClInclude>
    <ClInclude Include="Engine\Dependencies\MathGeoLib\include\Math\float4_sse.h">
      <Filter>Sources\Containers\MathGeoLib\Math</Filter>
    </ClInclude>
    <ClInclude Include="Engine\Dependencies\MathGeoLib\include\Math\float4x4.h">
      <Filter>Sources\Containers\MathGeoLib\Math</Filter>
    </ClInclude>
    <ClInclude Include="Engine\Dependencies\MathGeoLib\include\Math\float4x4_neon.h">
      <Filter>Sources\Containers\MathGeoLib\Math</Filter>
    </ClInclude>
    <ClInclude Include="Engine\Dependencies\MathGeoLib\include\Math\float4x4_sse.h">
      <Filter>Sources\Containers\MathGeoLib\Math</Filter>
    </ClInclude>
    <ClInclude Include="Engine\Dependencies\MathGeoLib\include\Math\FloatCmp.h">
      <Filter>Sources\Containers\MathGeoLib\Math</Filter>
    </ClInclude>
    <ClInclude Include="Engine\Dependencies\MathGeoLib\include\Math\MathAll.h">
      <Filter>Sources\Containers\MathGeoLib\Math</Filter>
    </ClInclude>
    <ClInclude Include="Engine\Dependencies\MathGeoLib\include\Math\MathConstants.h">
      <Filter>Sources\Containers\MathGeoLib\Math</Filter>
    </ClInclude>
    <ClInclude Include="Engine\Dependencies\MathGeoLib\include\Math\MathFunc.h">
      <Filter>Sources\Containers\MathGeoLib\Math</Filter>
    </ClInclude>
    <ClInclude Include="Engine\Dependencies\MathGeoLib\include\Math\MathLog.h">
      <Filter>Sources\Containers\MathGeoLib\Math</Filter>
    </ClInclude>
    <ClInclude Include="Engine\Dependencies\MathGeoLib\include\Math\MathNamespace.h">
      <Filter>Sources\Containers\MathGeoLib\Math</Filter>
    </ClInclude>
    <ClInclude Include="Engine\Dependencies\MathGeoLib\include\Math\MathTypes.h">
      <Filter>Sources\Containers\MathGeoLib\Math</Filter>
    </ClInclude>
    <ClInclude Include="Engine\Dependencies\MathGeoLib\include\Math\MatrixProxy.h">
      <Filter>Sources\Containers\MathGeoLib\Math</Filter>
    </ClInclude>
    <ClInclude Include="Engine\Dependencies\MathGeoLib\include\Math\myassert.h">
      <Filter>Sources\Containers\MathGeoLib\Math</Filter>
    </ClInclude>
    <ClInclude Include="Engine\Dependencies\MathGeoLib\include\Math\Polynomial.h">
      <Filter>Sources\Containers\MathGeoLib\Math</Filter>
    </ClInclude>
    <ClInclude Include="Engine\Dependencies\MathGeoLib\include\Math\quat.h">
      <Filter>Sources\Containers\MathGeoLib\Math</Filter>
    </ClInclude>
    <ClInclude Include="Engine\Dependencies\MathGeoLib\include\Math\quat_simd.h">
      <Filter>Sources\Containers\MathGeoLib\Math</Filter>
    </ClInclude>
    <ClInclude Include="Engine\Dependencies\MathGeoLib\include\Math\Rect.h">
      <Filter>Sources\Containers\MathGeoLib\Math</Filter>
    </ClInclude>
    <ClInclude Include="Engine\Dependencies\MathGeoLib\include\Math\Reinterpret.h">
      <Filter>Sources\Containers\MathGeoLib\Math</Filter>
    </ClInclude>
    <ClInclude Include="Engine\Dependencies\MathGeoLib\include\Math\sse_mathfun.h">
      <Filter>Sources\Containers\MathGeoLib\Math</Filter>
    </ClInclude>
    <ClInclude Include="Engine\Dependencies\MathGeoLib\include\Math\SSEMath.h">
      <Filter>Sources\Containers\MathGeoLib\Math</Filter>
    </ClInclude>
    <ClInclude Include="Engine\Dependencies\MathGeoLib\include\Math\TransformOps.h">
      <Filter>Sources\Containers\MathGeoLib\Math</Filter>
    </ClInclude>
    <ClInclude Include="Engine\Dependencies\MathGeoLib\include\Time\Clock.h">
      <Filter>Sources\Containers\MathGeoLib\Time</Filter>
    </ClInclude>
    <ClInclude Include="Engine\Dependencies\pcg\pcg C\extras\entropy.h">
      <Filter>Sources\PCG</Filter>
    </ClInclude>
    <ClInclude Include="Engine\Dependencies\pcg\pcg C\extras\pcg_spinlock.h">
      <Filter>Sources\PCG</Filter>
    </ClInclude>
    <ClInclude Include="Engine\Dependencies\pcg\pcg C\include\pcg_variants.h">
      <Filter>Sources\PCG</Filter>
    </ClInclude>
    <ClInclude Include="Engine\src\Structure\ConfigWindow.h" />
    <ClInclude Include="Engine\src\Structure\Window.h" />
    <ClInclude Include="Engine\src\Modules\csRendererGUI.h">
      <Filter>Sources\Modules</Filter>
    </ClInclude>
    <ClInclude Include="Engine\Dependencies\imgui\imgui_impl_opengl3.h" />
    <ClInclude Include="Engine\src\Modules\csEditor.h">
      <Filter>Sources\Modules\Game</Filter>
    </ClInclude>
    <ClInclude Include="Engine\src\Structure\GeometryWindow.h" />
    <ClInclude Include="Engine\src\Structure\AboutWindow.h" />
    <ClInclude Include="Engine\src\Tools\PerfTimer.h" />
    <ClInclude Include="Engine\src\Structure\ConsoleWindow.h" />
    <ClInclude Include="Engine\Dependencies\mmgr\mmgr.h" />
    <ClInclude Include="Engine\Dependencies\mmgr\nommgr.h" />
    <ClInclude Include="Engine\Dependencies\gpudetect\dxgi1_4.h" />
    <ClInclude Include="Engine\Dependencies\gpudetect\DeviceId.h" />
    <ClInclude Include="Engine\Dependencies\par\par_shapes.h" />
    <ClInclude Include="Engine\Dependencies\JSON\parson.h" />
    <ClInclude Include="Engine\src\Structure\RandomWindow.h" />
    <ClInclude Include="Engine\Dependencies\Assimp\include\Compiler\poppack1.h" />
    <ClInclude Include="Engine\Dependencies\Assimp\include\Compiler\pstdint.h" />
    <ClInclude Include="Engine\Dependencies\Assimp\include\Compiler\pushpack1.h" />
    <ClInclude Include="Engine\Dependencies\Assimp\include\port\AndroidJNI\AndroidJNIIOSystem.h" />
    <ClInclude Include="Engine\Dependencies\Assimp\include\ai_assert.h" />
    <ClInclude Include="Engine\Dependencies\Assimp\include\anim.h" />
    <ClInclude Include="Engine\Dependencies\Assimp\include\camera.h" />
    <ClInclude Include="Engine\Dependencies\Assimp\include\cexport.h" />
    <ClInclude Include="Engine\Dependencies\Assimp\include\cfileio.h" />
    <ClInclude Include="Engine\Dependencies\Assimp\include\cimport.h" />
    <ClInclude Include="Engine\Dependencies\Assimp\include\color4.h" />
    <ClInclude Include="Engine\Dependencies\Assimp\include\config.h" />
    <ClInclude Include="Engine\Dependencies\Assimp\include\DefaultLogger.hpp" />
    <ClInclude Include="Engine\Dependencies\Assimp\include\defs.h" />
    <ClInclude Include="Engine\Dependencies\Assimp\include\Exporter.hpp" />
    <ClInclude Include="Engine\Dependencies\Assimp\include\Importer.hpp" />
    <ClInclude Include="Engine\Dependencies\Assimp\include\importerdesc.h" />
    <ClInclude Include="Engine\Dependencies\Assimp\include\IOStream.hpp" />
    <ClInclude Include="Engine\Dependencies\Assimp\include\IOSystem.hpp" />
    <ClInclude Include="Engine\Dependencies\Assimp\include\light.h" />
    <ClInclude Include="Engine\Dependencies\Assimp\include\Logger.hpp" />
    <ClInclude Include="Engine\Dependencies\Assimp\include\LogStream.hpp" />
    <ClInclude Include="Engine\Dependencies\Assimp\include\material.h" />
    <ClInclude Include="Engine\Dependencies\Assimp\include\matrix3x3.h" />
    <ClInclude Include="Engine\Dependencies\Assimp\include\matrix4x4.h" />
    <ClInclude Include="Engine\Dependencies\Assimp\include\mesh.h" />
    <ClInclude Include="Engine\Dependencies\Assimp\include\metadata.h" />
    <ClInclude Include="Engine\Dependencies\Assimp\include\NullLogger.hpp" />
    <ClInclude Include="Engine\Dependencies\Assimp\include\postprocess.h" />
    <ClInclude Include="Engine\Dependencies\Assimp\include\ProgressHandler.hpp" />
    <ClInclude Include="Engine\Dependencies\Assimp\include\quaternion.h" />
    <ClInclude Include="Engine\Dependencies\Assimp\include\scene.h" />
    <ClInclude Include="Engine\Dependencies\Assimp\include\texture.h" />
    <ClInclude Include="Engine\Dependencies\Assimp\include\types.h" />
    <ClInclude Include="Engine\Dependencies\Assimp\include\vector2.h" />
    <ClInclude Include="Engine\Dependencies\Assimp\include\vector3.h" />
    <ClInclude Include="Engine\Dependencies\Assimp\include\version.h" />
    <ClInclude Include="Engine\src\Modules\Game\csScene.h" />
    <ClInclude Include="Engine\src\Modules\csFileSystem.h" />
    <ClInclude Include="Engine\Dependencies\PhysFS\include\physfs.h" />
    <ClInclude Include="Engine\Dependencies\DevIL\include\devil_cpp_wrapper.hpp" />
    <ClInclude Include="Engine\Dependencies\DevIL\include\devil_internal_exports.h" />
    <ClInclude Include="Engine\Dependencies\DevIL\include\il.h" />
    <ClInclude Include="Engine\Dependencies\DevIL\include\il_wrap.h" />
    <ClInclude Include="Engine\Dependencies\DevIL\include\ilu.h" />
    <ClInclude Include="Engine\Dependencies\DevIL\include\ilu_region.h" />
    <ClInclude Include="Engine\Dependencies\DevIL\include\ilut.h" />
    <ClInclude Include="Engine\Dependencies\DevIL\include\ilut_config.h" />
    <ClInclude Include="Engine\src\Importers\csFBXLoader.h" />
    <ClInclude Include="Engine\src\Importers\csTextureLoader.h" />
    <ClInclude Include="Engine\src\Structure\InspectorWindow.h" />
    <ClInclude Include="Engine\Dependencies\imgui\imgui_dock.h" />
    <ClInclude Include="Engine\src\Modules\Containers\csGameObject.h" />
    <ClInclude Include="Engine\src\Modules\Containers\csComponent.h" />
    <ClInclude Include="Engine\src\Modules\Containers\Components\ComponentMesh.h" />
    <ClInclude Include="Engine\src\Modules\Containers\Components\ComponentTransform.h" />
  </ItemGroup>
  <ItemGroup>
    <ClCompile Include="Engine\src\Core\csApp.cpp">
      <Filter>Sources</Filter>
    </ClCompile>
    <ClCompile Include="Engine\src\Core\csMain.cpp">
      <Filter>Sources</Filter>
    </ClCompile>
    <ClCompile Include="Engine\src\Helpers\Color.cpp">
      <Filter>Sources\Containers</Filter>
    </ClCompile>
    <ClCompile Include="Engine\src\Helpers\Light.cpp">
      <Filter>Sources\Helpers</Filter>
    </ClCompile>
    <ClCompile Include="Engine\src\Helpers\Primitive.cpp">
      <Filter>Sources\Helpers</Filter>
    </ClCompile>
    <ClCompile Include="Engine\src\Modules\csCamera3D.cpp">
      <Filter>Sources\Modules</Filter>
    </ClCompile>
    <ClCompile Include="Engine\src\Modules\csInput.cpp">
      <Filter>Sources\Modules</Filter>
    </ClCompile>
    <ClCompile Include="Engine\src\Modules\csRenderer3D.cpp">
      <Filter>Sources\Modules</Filter>
    </ClCompile>
    <ClCompile Include="Engine\src\Modules\csWindow.cpp">
      <Filter>Sources\Modules</Filter>
    </ClCompile>
    <ClCompile Include="Engine\src\Tools\log.cpp">
      <Filter>Sources\Tools</Filter>
    </ClCompile>
    <ClCompile Include="Engine\src\Tools\Timer.cpp">
      <Filter>Sources\Tools</Filter>
    </ClCompile>
    <ClCompile Include="Engine\Dependencies\glm\glmath.cpp">
      <Filter>Sources\Containers</Filter>
    </ClCompile>
    <ClCompile Include="Engine\Dependencies\imgui\imgui.cpp">
      <Filter>Sources\ImGui</Filter>
    </ClCompile>
    <ClCompile Include="Engine\Dependencies\imgui\imgui_demo.cpp">
      <Filter>Sources\ImGui</Filter>
    </ClCompile>
    <ClCompile Include="Engine\Dependencies\imgui\imgui_draw.cpp">
      <Filter>Sources\ImGui</Filter>
    </ClCompile>
    <ClCompile Include="Engine\Dependencies\imgui\imgui_impl_sdl.cpp">
      <Filter>Sources\ImGui</Filter>
    </ClCompile>
    <ClCompile Include="Engine\Dependencies\imgui\imgui_widgets.cpp">
      <Filter>Sources\ImGui</Filter>
    </ClCompile>
    <ClCompile Include="Engine\Dependencies\MathGeoLib\include\Algorithm\Random\LCG.cpp">
      <Filter>Sources\Containers\MathGeoLib\Algorithm</Filter>
    </ClCompile>
    <ClCompile Include="Engine\Dependencies\MathGeoLib\include\Geometry\AABB.cpp">
      <Filter>Sources\Containers\MathGeoLib\Geometry</Filter>
    </ClCompile>
    <ClCompile Include="Engine\Dependencies\MathGeoLib\include\Geometry\Capsule.cpp">
      <Filter>Sources\Containers\MathGeoLib\Geometry</Filter>
    </ClCompile>
    <ClCompile Include="Engine\Dependencies\MathGeoLib\include\Geometry\Circle.cpp">
      <Filter>Sources\Containers\MathGeoLib\Geometry</Filter>
    </ClCompile>
    <ClCompile Include="Engine\Dependencies\MathGeoLib\include\Geometry\Cone.cpp">
      <Filter>Sources\Containers\MathGeoLib\Geometry</Filter>
    </ClCompile>
    <ClCompile Include="Engine\Dependencies\MathGeoLib\include\Geometry\Cylinder.cpp">
      <Filter>Sources\Containers\MathGeoLib\Geometry</Filter>
    </ClCompile>
    <ClCompile Include="Engine\Dependencies\MathGeoLib\include\Geometry\Frustum.cpp">
      <Filter>Sources\Containers\MathGeoLib\Geometry</Filter>
    </ClCompile>
    <ClCompile Include="Engine\Dependencies\MathGeoLib\include\Geometry\Line.cpp">
      <Filter>Sources\Containers\MathGeoLib\Geometry</Filter>
    </ClCompile>
    <ClCompile Include="Engine\Dependencies\MathGeoLib\include\Geometry\LineSegment.cpp">
      <Filter>Sources\Containers\MathGeoLib\Geometry</Filter>
    </ClCompile>
    <ClCompile Include="Engine\Dependencies\MathGeoLib\include\Geometry\OBB.cpp">
      <Filter>Sources\Containers\MathGeoLib\Geometry</Filter>
    </ClCompile>
    <ClCompile Include="Engine\Dependencies\MathGeoLib\include\Geometry\Plane.cpp">
      <Filter>Sources\Containers\MathGeoLib\Geometry</Filter>
    </ClCompile>
    <ClCompile Include="Engine\Dependencies\MathGeoLib\include\Geometry\Polygon.cpp">
      <Filter>Sources\Containers\MathGeoLib\Geometry</Filter>
    </ClCompile>
    <ClCompile Include="Engine\Dependencies\MathGeoLib\include\Geometry\Polyhedron.cpp">
      <Filter>Sources\Containers\MathGeoLib\Geometry</Filter>
    </ClCompile>
    <ClCompile Include="Engine\Dependencies\MathGeoLib\include\Geometry\Ray.cpp">
      <Filter>Sources\Containers\MathGeoLib\Geometry</Filter>
    </ClCompile>
    <ClCompile Include="Engine\Dependencies\MathGeoLib\include\Geometry\Sphere.cpp">
      <Filter>Sources\Containers\MathGeoLib\Geometry</Filter>
    </ClCompile>
    <ClCompile Include="Engine\Dependencies\MathGeoLib\include\Geometry\Triangle.cpp">
      <Filter>Sources\Containers\MathGeoLib\Geometry</Filter>
    </ClCompile>
    <ClCompile Include="Engine\Dependencies\MathGeoLib\include\Geometry\TriangleMesh.cpp">
      <Filter>Sources\Containers\MathGeoLib\Geometry</Filter>
    </ClCompile>
    <ClCompile Include="Engine\Dependencies\MathGeoLib\include\Math\BitOps.cpp">
      <Filter>Sources\Containers\MathGeoLib\Math</Filter>
    </ClCompile>
    <ClCompile Include="Engine\Dependencies\MathGeoLib\include\Math\float2.cpp">
      <Filter>Sources\Containers\MathGeoLib\Math</Filter>
    </ClCompile>
    <ClCompile Include="Engine\Dependencies\MathGeoLib\include\Math\float3.cpp">
      <Filter>Sources\Containers\MathGeoLib\Math</Filter>
    </ClCompile>
    <ClCompile Include="Engine\Dependencies\MathGeoLib\include\Math\float3x3.cpp">
      <Filter>Sources\Containers\MathGeoLib\Math</Filter>
    </ClCompile>
    <ClCompile Include="Engine\Dependencies\MathGeoLib\include\Math\float3x4.cpp">
      <Filter>Sources\Containers\MathGeoLib\Math</Filter>
    </ClCompile>
    <ClCompile Include="Engine\Dependencies\MathGeoLib\include\Math\float4.cpp">
      <Filter>Sources\Containers\MathGeoLib\Math</Filter>
    </ClCompile>
    <ClCompile Include="Engine\Dependencies\MathGeoLib\include\Math\float4x4.cpp">
      <Filter>Sources\Containers\MathGeoLib\Math</Filter>
    </ClCompile>
    <ClCompile Include="Engine\Dependencies\MathGeoLib\include\Math\MathFunc.cpp">
      <Filter>Sources\Containers\MathGeoLib\Math</Filter>
    </ClCompile>
    <ClCompile Include="Engine\Dependencies\MathGeoLib\include\Math\MathLog.cpp">
      <Filter>Sources\Containers\MathGeoLib\Math</Filter>
    </ClCompile>
    <ClCompile Include="Engine\Dependencies\MathGeoLib\include\Math\MathOps.cpp">
      <Filter>Sources\Containers\MathGeoLib\Math</Filter>
    </ClCompile>
    <ClCompile Include="Engine\Dependencies\MathGeoLib\include\Math\Polynomial.cpp">
      <Filter>Sources\Containers\MathGeoLib\Math</Filter>
    </ClCompile>
    <ClCompile Include="Engine\Dependencies\MathGeoLib\include\Math\Quat.cpp">
      <Filter>Sources\Containers\MathGeoLib\Math</Filter>
    </ClCompile>
    <ClCompile Include="Engine\Dependencies\MathGeoLib\include\Math\SSEMath.cpp">
      <Filter>Sources\Containers\MathGeoLib\Math</Filter>
    </ClCompile>
    <ClCompile Include="Engine\Dependencies\MathGeoLib\include\Math\TransformOps.cpp">
      <Filter>Sources\Containers\MathGeoLib\Math</Filter>
    </ClCompile>
    <ClCompile Include="Engine\Dependencies\MathGeoLib\include\Time\Clock.cpp">
      <Filter>Sources\Containers\MathGeoLib\Time</Filter>
    </ClCompile>
    <ClCompile Include="Engine\Dependencies\pcg\pcg C\extras\entropy.c">
      <Filter>Sources\PCG</Filter>
    </ClCompile>
    <ClCompile Include="Engine\src\Structure\ConfigWindow.cpp" />
    <ClCompile Include="Engine\src\Modules\csRendererGUI.cpp">
      <Filter>Sources\Modules</Filter>
    </ClCompile>
    <ClCompile Include="Engine\Dependencies\imgui\imgui_impl_opengl3.cpp" />
    <ClCompile Include="Engine\src\Modules\csEditor.cpp">
      <Filter>Sources\Modules\Game</Filter>
    </ClCompile>
    <ClCompile Include="Engine\src\Structure\GeometryWindow.cpp" />
    <ClCompile Include="Engine\src\Structure\AboutWindow.cpp" />
    <ClCompile Include="Engine\src\Tools\PerfTimer.cpp" />
    <ClCompile Include="Engine\src\Structure\ConsoleWindow.cpp" />
    <ClCompile Include="Engine\Dependencies\mmgr\mmgr.cpp" />
    <ClCompile Include="Engine\Dependencies\gpudetect\DeviceId.cpp" />
    <ClCompile Include="Engine\Dependencies\par\par_shapes.cpp" />
    <ClCompile Include="Engine\Dependencies\JSON\parson.c" />
    <ClCompile Include="Engine\src\Structure\RandomWindow.cpp" />
    <ClCompile Include="Engine\src\Modules\Game\csScene.cpp" />
    <ClCompile Include="Engine\src\Modules\csFileSystem.cpp" />
    <ClCompile Include="Engine\src\Importers\csFBXLoader.cpp" />
    <ClCompile Include="Engine\src\Importers\csTextureLoader.cpp" />
    <ClCompile Include="Engine\src\Structure\InspectorWindow.cpp" />
    <ClCompile Include="Engine\Dependencies\imgui\imgui_dock.cpp" />
    <ClCompile Include="Engine\src\Modules\Containers\csGameObject.cpp" />
    <ClCompile Include="Engine\src\Modules\Containers\Components\ComponentMesh.cpp" />
    <ClCompile Include="Engine\src\Modules\Containers\Components\ComponentTransform.cpp" />
  </ItemGroup>
  <ItemGroup>
    <None Include="Engine\Dependencies\MathGeoLib\include\Geometry\KDTree.inl">
      <Filter>Sources\Containers\MathGeoLib\Geometry</Filter>
    </None>
    <None Include="Engine\Dependencies\MathGeoLib\include\Geometry\QuadTree.inl">
      <Filter>Sources\Containers\MathGeoLib\Geometry</Filter>
    </None>
    <None Include="Engine\Dependencies\MathGeoLib\include\Geometry\TriangleMesh_IntersectRay_AVX.inl">
      <Filter>Sources\Containers\MathGeoLib\Geometry</Filter>
    </None>
    <None Include="Engine\Dependencies\MathGeoLib\include\Geometry\TriangleMesh_IntersectRay_CPP.inl">
      <Filter>Sources\Containers\MathGeoLib\Geometry</Filter>
    </None>
    <None Include="Engine\Dependencies\MathGeoLib\include\Geometry\TriangleMesh_IntersectRay_SSE.inl">
      <Filter>Sources\Containers\MathGeoLib\Geometry</Filter>
    </None>
    <None Include="Engine\Dependencies\MathGeoLib\include\Math\Matrix.inl">
      <Filter>Sources\Containers\MathGeoLib\Math</Filter>
    </None>
    <None Include="Engine\Dependencies\Assimp\include\color4.inl" />
    <None Include="Engine\Dependencies\Assimp\include\material.inl" />
    <None Include="Engine\Dependencies\Assimp\include\matrix3x3.inl" />
    <None Include="Engine\Dependencies\Assimp\include\matrix4x4.inl" />
    <None Include="Engine\Dependencies\Assimp\include\quaternion.inl" />
    <None Include="Engine\Dependencies\Assimp\include\vector2.inl" />
    <None Include="Engine\Dependencies\Assimp\include\vector3.inl" />
  </ItemGroup>
</Project>